{
    "_readme": [
        "This file locks the dependencies of your project to a known state",
        "Read more about it at https://getcomposer.org/doc/01-basic-usage.md#composer-lock-the-lock-file",
        "This file is @generated automatically"
    ],
    "hash": "52372d00a672a6524a25847bb65fe906",
    "content-hash": "1f636ac3ba165b9bbcf24707f2a2b816",
    "packages": [
        {
            "name": "doctrine/collections",
            "version": "v1.3.0",
            "source": {
                "type": "git",
                "url": "https://github.com/doctrine/collections.git",
                "reference": "6c1e4eef75f310ea1b3e30945e9f06e652128b8a"
            },
            "dist": {
                "type": "zip",
                "url": "https://api.github.com/repos/doctrine/collections/zipball/6c1e4eef75f310ea1b3e30945e9f06e652128b8a",
                "reference": "6c1e4eef75f310ea1b3e30945e9f06e652128b8a",
                "shasum": ""
            },
            "require": {
                "php": ">=5.3.2"
            },
            "require-dev": {
                "phpunit/phpunit": "~4.0"
            },
            "type": "library",
            "extra": {
                "branch-alias": {
                    "dev-master": "1.2.x-dev"
                }
            },
            "autoload": {
                "psr-0": {
                    "Doctrine\\Common\\Collections\\": "lib/"
                }
            },
            "notification-url": "https://packagist.org/downloads/",
            "license": [
                "MIT"
            ],
            "authors": [
                {
                    "name": "Roman Borschel",
                    "email": "roman@code-factory.org"
                },
                {
                    "name": "Benjamin Eberlei",
                    "email": "kontakt@beberlei.de"
                },
                {
                    "name": "Guilherme Blanco",
                    "email": "guilhermeblanco@gmail.com"
                },
                {
                    "name": "Jonathan Wage",
                    "email": "jonwage@gmail.com"
                },
                {
                    "name": "Johannes Schmitt",
                    "email": "schmittjoh@gmail.com"
                }
            ],
            "description": "Collections Abstraction library",
            "homepage": "http://www.doctrine-project.org",
            "keywords": [
                "array",
                "collections",
                "iterator"
            ],
            "time": "2015-04-14 22:21:58"
        },
        {
            "name": "evenement/evenement",
            "version": "v2.0.0",
            "source": {
                "type": "git",
                "url": "https://github.com/igorw/evenement.git",
                "reference": "f6e843799fd4f4184d54d8fc7b5b3551c9fa803e"
            },
            "dist": {
                "type": "zip",
                "url": "https://api.github.com/repos/igorw/evenement/zipball/f6e843799fd4f4184d54d8fc7b5b3551c9fa803e",
                "reference": "f6e843799fd4f4184d54d8fc7b5b3551c9fa803e",
                "shasum": ""
            },
            "require": {
                "php": ">=5.4.0"
            },
            "type": "library",
            "extra": {
                "branch-alias": {
                    "dev-master": "2.0-dev"
                }
            },
            "autoload": {
                "psr-0": {
                    "Evenement": "src"
                }
            },
            "notification-url": "https://packagist.org/downloads/",
            "license": [
                "MIT"
            ],
            "authors": [
                {
                    "name": "Igor Wiedler",
                    "email": "igor@wiedler.ch",
                    "homepage": "http://wiedler.ch/igor/"
                }
            ],
            "description": "Événement is a very simple event dispatching library for PHP",
            "keywords": [
                "event-dispatcher",
                "event-emitter"
            ],
            "time": "2012-11-02 14:49:47"
        },
        {
            "name": "leafo/scssphp",
            "version": "v0.6.6",
            "source": {
                "type": "git",
                "url": "https://github.com/leafo/scssphp.git",
                "reference": "6fdfe19d2b13a3f12ba0792227f0718809ce4e4d"
            },
            "dist": {
                "type": "zip",
                "url": "https://api.github.com/repos/leafo/scssphp/zipball/6fdfe19d2b13a3f12ba0792227f0718809ce4e4d",
                "reference": "6fdfe19d2b13a3f12ba0792227f0718809ce4e4d",
                "shasum": ""
            },
            "require": {
                "php": ">=5.4.0"
            },
            "require-dev": {
                "kherge/box": "~2.5",
                "phpunit/phpunit": "~3.7",
                "squizlabs/php_codesniffer": "~2.5"
            },
            "bin": [
                "bin/pscss"
            ],
            "type": "library",
            "autoload": {
                "psr-4": {
                    "Leafo\\ScssPhp\\": "src/"
                }
            },
            "notification-url": "https://packagist.org/downloads/",
            "license": [
                "MIT"
            ],
            "authors": [
                {
                    "name": "Leaf Corcoran",
                    "email": "leafot@gmail.com",
                    "homepage": "http://leafo.net"
                }
            ],
            "description": "scssphp is a compiler for SCSS written in PHP.",
            "homepage": "http://leafo.github.io/scssphp/",
            "keywords": [
                "css",
                "less",
                "sass",
                "scss",
                "stylesheet"
            ],
            "time": "2016-09-11 01:34:11"
        },
        {
            "name": "react/child-process",
            "version": "v0.4.1",
            "source": {
                "type": "git",
                "url": "https://github.com/reactphp/child-process.git",
                "reference": "3ab4f83c6f6c5862f7ca28d999a92d327472a671"
            },
            "dist": {
                "type": "zip",
                "url": "https://api.github.com/repos/reactphp/child-process/zipball/3ab4f83c6f6c5862f7ca28d999a92d327472a671",
                "reference": "3ab4f83c6f6c5862f7ca28d999a92d327472a671",
                "shasum": ""
            },
            "require": {
                "evenement/evenement": "~2.0",
                "php": ">=5.4.0",
                "react/event-loop": "0.4.*",
                "react/stream": "~0.4.2"
            },
            "require-dev": {
                "sebastian/environment": "~1.0"
            },
            "type": "library",
            "autoload": {
                "psr-4": {
                    "React\\ChildProcess\\": "src"
                }
            },
            "notification-url": "https://packagist.org/downloads/",
            "license": [
                "MIT"
            ],
            "description": "Library for executing child processes.",
            "keywords": [
                "process"
            ],
            "time": "2016-08-01 18:09:48"
        },
        {
            "name": "react/event-loop",
            "version": "v0.4.2",
            "source": {
                "type": "git",
                "url": "https://github.com/reactphp/event-loop.git",
                "reference": "164799f73175e1c80bba92a220ea35df6ca371dd"
            },
            "dist": {
                "type": "zip",
                "url": "https://api.github.com/repos/reactphp/event-loop/zipball/164799f73175e1c80bba92a220ea35df6ca371dd",
                "reference": "164799f73175e1c80bba92a220ea35df6ca371dd",
                "shasum": ""
            },
            "require": {
                "php": ">=5.4.0"
            },
            "suggest": {
                "ext-event": "~1.0",
                "ext-libev": "*",
                "ext-libevent": ">=0.1.0"
            },
            "type": "library",
            "extra": {
                "branch-alias": {
                    "dev-master": "0.5-dev"
                }
            },
            "autoload": {
                "psr-4": {
                    "React\\EventLoop\\": "src"
                }
            },
            "notification-url": "https://packagist.org/downloads/",
            "license": [
                "MIT"
            ],
            "description": "Event loop abstraction layer that libraries can use for evented I/O.",
            "keywords": [
                "asynchronous",
                "event-loop"
            ],
            "time": "2016-03-08 02:09:32"
        },
        {
            "name": "react/stream",
            "version": "v0.4.4",
            "source": {
                "type": "git",
                "url": "https://github.com/reactphp/stream.git",
                "reference": "fcc9e7cea126962cff303c90c05e2efdcec09a27"
            },
            "dist": {
                "type": "zip",
                "url": "https://api.github.com/repos/reactphp/stream/zipball/fcc9e7cea126962cff303c90c05e2efdcec09a27",
                "reference": "fcc9e7cea126962cff303c90c05e2efdcec09a27",
                "shasum": ""
            },
            "require": {
                "evenement/evenement": "^2.0|^1.0",
                "php": ">=5.3.8"
            },
            "require-dev": {
                "clue/stream-filter": "~1.2",
                "react/event-loop": "^0.4|^0.3",
                "react/promise": "^2.0|^1.0"
            },
            "suggest": {
                "react/event-loop": "^0.4",
                "react/promise": "^2.0"
            },
            "type": "library",
            "autoload": {
                "psr-4": {
                    "React\\Stream\\": "src"
                }
            },
            "notification-url": "https://packagist.org/downloads/",
            "license": [
                "MIT"
            ],
            "description": "Basic readable and writable stream interfaces that support piping.",
            "keywords": [
                "pipe",
                "stream"
            ],
            "time": "2016-08-22 09:51:07"
        },
        {
            "name": "reisraff/phulp",
            "version": "1.6.0",
            "source": {
                "type": "git",
                "url": "https://github.com/reisraff/phulp.git",
                "reference": "e5f7cf4ba42a940f3aa83baff72ed3b5f37b3f91"
            },
            "dist": {
                "type": "zip",
                "url": "https://api.github.com/repos/reisraff/phulp/zipball/e5f7cf4ba42a940f3aa83baff72ed3b5f37b3f91",
                "reference": "e5f7cf4ba42a940f3aa83baff72ed3b5f37b3f91",
                "shasum": ""
            },
            "require": {
                "doctrine/collections": "^1.3",
                "php": ">=5.6",
                "react/event-loop": "~0.4",
                "symfony/finder": "^3.0"
            },
            "require-dev": {
                "brain/monkey": "~1.0",
                "mockery/mockery": "0.9.*",
                "phing/phing": "2.*",
                "phpunit/phpunit": "5.3.*",
                "squizlabs/php_codesniffer": "2.0.*@dev"
            },
            "bin": [
                "bin/phulp"
            ],
            "type": "library",
            "autoload": {
                "psr-4": {
                    "Phulp\\": "src"
                }
            },
            "notification-url": "https://packagist.org/downloads/",
            "license": [
                "MIT"
            ],
            "authors": [
                {
                    "name": "Rafael Reis",
                    "email": "reisraff@gmail.com"
                }
            ],
            "description": "The task manager for PHP",
            "homepage": "https://reisraff.github.io/phulp/dist/#!/home",
            "keywords": [
                "php",
                "phulp"
            ],
            "time": "2016-10-21 21:06:18"
        },
        {
            "name": "reisraff/phulp-server",
            "version": "dev-master",
            "source": {
                "type": "git",
                "url": "https://github.com/reisraff/phulp-server.git",
                "reference": "3d9f7d24e7767d12722b5f56eccd0857bd87f020"
            },
            "dist": {
                "type": "zip",
                "url": "https://api.github.com/repos/reisraff/phulp-server/zipball/3d9f7d24e7767d12722b5f56eccd0857bd87f020",
                "reference": "3d9f7d24e7767d12722b5f56eccd0857bd87f020",
                "shasum": ""
            },
            "require": {
                "php": ">=5.6",
                "react/child-process": "~0.4",
                "reisraff/phulp": "~1.4"
            },
            "type": "library",
            "autoload": {
                "psr-4": {
                    "Phulp\\Server\\": "src"
                }
            },
            "notification-url": "https://packagist.org/downloads/",
            "license": [
                "MIT"
            ],
            "authors": [
                {
                    "name": "Rafael Reis",
                    "email": "reisraff@gmail.com"
                }
            ],
            "description": "The server addon for phulp",
            "keywords": [
                "php",
                "phulp",
                "server"
            ],
            "time": "2016-10-20 14:06:05"
        },
        {
            "name": "symfony/finder",
            "version": "v3.1.5",
            "source": {
                "type": "git",
                "url": "https://github.com/symfony/finder.git",
                "reference": "205b5ffbb518a98ba2ae60a52656c4a31ab00c6f"
            },
            "dist": {
                "type": "zip",
                "url": "https://api.github.com/repos/symfony/finder/zipball/205b5ffbb518a98ba2ae60a52656c4a31ab00c6f",
                "reference": "205b5ffbb518a98ba2ae60a52656c4a31ab00c6f",
                "shasum": ""
            },
            "require": {
                "php": ">=5.5.9"
            },
            "type": "library",
            "extra": {
                "branch-alias": {
                    "dev-master": "3.1-dev"
                }
            },
            "autoload": {
                "psr-4": {
                    "Symfony\\Component\\Finder\\": ""
                },
                "exclude-from-classmap": [
                    "/Tests/"
                ]
            },
            "notification-url": "https://packagist.org/downloads/",
            "license": [
                "MIT"
            ],
            "authors": [
                {
                    "name": "Fabien Potencier",
                    "email": "fabien@symfony.com"
                },
                {
                    "name": "Symfony Community",
                    "homepage": "https://symfony.com/contributors"
                }
            ],
            "description": "Symfony Finder Component",
            "homepage": "https://symfony.com",
            "time": "2016-09-28 00:11:12"
        }
    ],
    "packages-dev": [],
    "aliases": [],
    "minimum-stability": "stable",
    "stability-flags": {
        "reisraff/phulp-server": 20
    },
    "prefer-stable": false,
    "prefer-lowest": false,
    "platform": [],
    "platform-dev": []
}
