{
    "_readme": [
        "This file locks the dependencies of your project to a known state",
        "Read more about it at https://getcomposer.org/doc/01-basic-usage.md#composer-lock-the-lock-file",
        "This file is @generated automatically"
    ],
    "hash": "4d7a35776c41911abdad2862d533fab7",
    "content-hash": "e6c9a8758fee46f7d375b8f3e5d15257",
    "packages": [
        {
            "name": "evenement/evenement",
            "version": "v2.0.0",
            "source": {
                "type": "git",
                "url": "https://github.com/igorw/evenement.git",
                "reference": "f6e843799fd4f4184d54d8fc7b5b3551c9fa803e"
            },
            "dist": {
                "type": "zip",
                "url": "https://api.github.com/repos/igorw/evenement/zipball/f6e843799fd4f4184d54d8fc7b5b3551c9fa803e",
                "reference": "f6e843799fd4f4184d54d8fc7b5b3551c9fa803e",
                "shasum": ""
            },
            "require": {
                "php": ">=5.4.0"
            },
            "type": "library",
            "extra": {
                "branch-alias": {
                    "dev-master": "2.0-dev"
                }
            },
            "autoload": {
                "psr-0": {
                    "Evenement": "src"
                }
            },
            "notification-url": "https://packagist.org/downloads/",
            "license": [
                "MIT"
            ],
            "authors": [
                {
                    "name": "Igor Wiedler",
                    "email": "igor@wiedler.ch",
                    "homepage": "http://wiedler.ch/igor/"
                }
            ],
            "description": "Événement is a very simple event dispatching library for PHP",
            "keywords": [
                "event-dispatcher",
                "event-emitter"
            ],
            "time": "2012-11-02 14:49:47"
        },
        {
            "name": "react/child-process",
            "version": "v0.4.1",
            "source": {
                "type": "git",
                "url": "https://github.com/reactphp/child-process.git",
                "reference": "3ab4f83c6f6c5862f7ca28d999a92d327472a671"
            },
            "dist": {
                "type": "zip",
                "url": "https://api.github.com/repos/reactphp/child-process/zipball/3ab4f83c6f6c5862f7ca28d999a92d327472a671",
                "reference": "3ab4f83c6f6c5862f7ca28d999a92d327472a671",
                "shasum": ""
            },
            "require": {
                "evenement/evenement": "~2.0",
                "php": ">=5.4.0",
                "react/event-loop": "0.4.*",
                "react/stream": "~0.4.2"
            },
            "require-dev": {
                "sebastian/environment": "~1.0"
            },
            "type": "library",
            "autoload": {
                "psr-4": {
                    "React\\ChildProcess\\": "src"
                }
            },
            "notification-url": "https://packagist.org/downloads/",
            "license": [
                "MIT"
            ],
            "description": "Library for executing child processes.",
            "keywords": [
                "process"
            ],
            "time": "2016-08-01 18:09:48"
        },
        {
            "name": "react/event-loop",
            "version": "v0.4.2",
            "source": {
                "type": "git",
                "url": "https://github.com/reactphp/event-loop.git",
                "reference": "164799f73175e1c80bba92a220ea35df6ca371dd"
            },
            "dist": {
                "type": "zip",
                "url": "https://api.github.com/repos/reactphp/event-loop/zipball/164799f73175e1c80bba92a220ea35df6ca371dd",
                "reference": "164799f73175e1c80bba92a220ea35df6ca371dd",
                "shasum": ""
            },
            "require": {
                "php": ">=5.4.0"
            },
            "suggest": {
                "ext-event": "~1.0",
                "ext-libev": "*",
                "ext-libevent": ">=0.1.0"
            },
            "type": "library",
            "extra": {
                "branch-alias": {
                    "dev-master": "0.5-dev"
                }
            },
            "autoload": {
                "psr-4": {
                    "React\\EventLoop\\": "src"
                }
            },
            "notification-url": "https://packagist.org/downloads/",
            "license": [
                "MIT"
            ],
            "description": "Event loop abstraction layer that libraries can use for evented I/O.",
            "keywords": [
                "asynchronous",
                "event-loop"
            ],
            "time": "2016-03-08 02:09:32"
        },
        {
            "name": "react/stream",
            "version": "v0.4.4",
            "source": {
                "type": "git",
                "url": "https://github.com/reactphp/stream.git",
                "reference": "fcc9e7cea126962cff303c90c05e2efdcec09a27"
            },
            "dist": {
                "type": "zip",
                "url": "https://api.github.com/repos/reactphp/stream/zipball/fcc9e7cea126962cff303c90c05e2efdcec09a27",
                "reference": "fcc9e7cea126962cff303c90c05e2efdcec09a27",
                "shasum": ""
            },
            "require": {
                "evenement/evenement": "^2.0|^1.0",
                "php": ">=5.3.8"
            },
            "require-dev": {
                "clue/stream-filter": "~1.2",
                "react/event-loop": "^0.4|^0.3",
                "react/promise": "^2.0|^1.0"
            },
            "suggest": {
                "react/event-loop": "^0.4",
                "react/promise": "^2.0"
            },
            "type": "library",
            "autoload": {
                "psr-4": {
                    "React\\Stream\\": "src"
                }
            },
            "notification-url": "https://packagist.org/downloads/",
            "license": [
                "MIT"
            ],
            "description": "Basic readable and writable stream interfaces that support piping.",
            "keywords": [
                "pipe",
                "stream"
            ],
            "time": "2016-08-22 09:51:07"
        },
        {
            "name": "reisraff/phulp",
            "version": "1.5.0",
            "source": {
                "type": "git",
                "url": "https://github.com/reisraff/phulp.git",
                "reference": "a57e2a9fb146945fbabc606f46db446ee8118f17"
            },
            "dist": {
                "type": "zip",
                "url": "https://api.github.com/repos/reisraff/phulp/zipball/a57e2a9fb146945fbabc606f46db446ee8118f17",
                "reference": "a57e2a9fb146945fbabc606f46db446ee8118f17",
                "shasum": ""
            },
            "require": {
                "php": ">=5.6",
                "react/event-loop": "~0.4",
                "symfony/finder": "^3.0"
            },
            "require-dev": {
                "brain/monkey": "~1.0",
                "mockery/mockery": "0.9.*",
                "phing/phing": "2.*",
                "phpunit/phpunit": "5.3.*",
                "squizlabs/php_codesniffer": "2.0.*@dev"
            },
            "bin": [
                "bin/phulp"
            ],
            "type": "library",
            "autoload": {
                "psr-4": {
                    "Phulp\\": "src"
                }
            },
            "notification-url": "https://packagist.org/downloads/",
            "license": [
                "MIT"
            ],
            "authors": [
                {
                    "name": "Rafael Reis",
                    "email": "reisraff@gmail.com"
                }
            ],
            "description": "The task manager for PHP",
            "homepage": "https://reisraff.github.io/phulp/dist/#!/home",
            "keywords": [
                "php",
                "phulp"
            ],
            "time": "2016-10-20 02:21:57"
        },
        {
            "name": "reisraff/phulp-server",
            "version": "dev-master",
            "source": {
                "type": "git",
                "url": "https://github.com/reisraff/phulp-server.git",
                "reference": "cb320a6194c0d812e1aa2cc68a6b27ee43b50e1b"
            },
            "dist": {
                "type": "zip",
                "url": "https://api.github.com/repos/reisraff/phulp-server/zipball/cb320a6194c0d812e1aa2cc68a6b27ee43b50e1b",
                "reference": "cb320a6194c0d812e1aa2cc68a6b27ee43b50e1b",
                "shasum": ""
            },
            "require": {
                "php": ">=5.6",
                "react/child-process": "~0.4",
                "reisraff/phulp": "~1.4"
            },
            "type": "library",
            "autoload": {
                "psr-4": {
                    "Phulp\\Server\\": "src"
                }
            },
            "notification-url": "https://packagist.org/downloads/",
            "license": [
                "MIT"
            ],
            "authors": [
                {
                    "name": "Rafael Reis",
                    "email": "reisraff@gmail.com"
                }
            ],
            "description": "The server addon for phulp",
            "keywords": [
                "php",
                "phulp",
                "server"
            ],
            "time": "2016-10-20 03:37:01"
        },
        {
            "name": "symfony/finder",
            "version": "v3.1.5",
            "source": {
                "type": "git",
                "url": "https://github.com/symfony/finder.git",
                "reference": "205b5ffbb518a98ba2ae60a52656c4a31ab00c6f"
            },
            "dist": {
                "type": "zip",
                "url": "https://api.github.com/repos/symfony/finder/zipball/205b5ffbb518a98ba2ae60a52656c4a31ab00c6f",
                "reference": "205b5ffbb518a98ba2ae60a52656c4a31ab00c6f",
                "shasum": ""
            },
            "require": {
                "php": ">=5.5.9"
            },
            "type": "library",
            "extra": {
                "branch-alias": {
                    "dev-master": "3.1-dev"
                }
            },
            "autoload": {
                "psr-4": {
                    "Symfony\\Component\\Finder\\": ""
                },
                "exclude-from-classmap": [
                    "/Tests/"
                ]
            },
            "notification-url": "https://packagist.org/downloads/",
            "license": [
                "MIT"
            ],
            "authors": [
                {
                    "name": "Fabien Potencier",
                    "email": "fabien@symfony.com"
                },
                {
                    "name": "Symfony Community",
                    "homepage": "https://symfony.com/contributors"
                }
            ],
            "description": "Symfony Finder Component",
            "homepage": "https://symfony.com",
            "time": "2016-09-28 00:11:12"
        }
    ],
    "packages-dev": [],
    "aliases": [],
    "minimum-stability": "stable",
    "stability-flags": {
        "reisraff/phulp-server": 20
    },
    "prefer-stable": false,
    "prefer-lowest": false,
    "platform": [],
    "platform-dev": []
}
